
Microsoft Visual Studio Solution File, Format Version 12.00
# Visual Studio Version 16
VisualStudioVersion = 16.0.30104.148
MinimumVisualStudioVersion = 10.0.40219.1
Project("{FAE04EC0-301F-11D3-BF4B-00C04F79EFBC}") = "Plark-Warden.Android", "Plark-Warden.Android\Plark-Warden.Android.csproj", "{895CC997-99D8-4A49-9A55-2D3ECD882641}"
EndProject
Project("{FAE04EC0-301F-11D3-BF4B-00C04F79EFBC}") = "Plark-Warden", "Plark-Warden\Plark-Warden.csproj", "{E7BFE625-E35C-46B7-AE77-06FA983CE9F9}"
EndProject
Global
	GlobalSection(SolutionConfigurationPlatforms) = preSolution
		Debug|Any CPU = Debug|Any CPU
		Release|Any CPU = Release|Any CPU
	EndGlobalSection
	GlobalSection(ProjectConfigurationPlatforms) = postSolution
		{895CC997-99D8-4A49-9A55-2D3ECD882641}.Debug|Any CPU.ActiveCfg = Debug|Any CPU
		{895CC997-99D8-4A49-9A55-2D3ECD882641}.Debug|Any CPU.Build.0 = Debug|Any CPU
		{895CC997-99D8-4A49-9A55-2D3ECD882641}.Debug|Any CPU.Deploy.0 = Debug|Any CPU
		{895CC997-99D8-4A49-9A55-2D3ECD882641}.Release|Any CPU.ActiveCfg = Release|Any CPU
		{895CC997-99D8-4A49-9A55-2D3ECD882641}.Release|Any CPU.Build.0 = Release|Any CPU
		{895CC997-99D8-4A49-9A55-2D3ECD882641}.Release|Any CPU.Deploy.0 = Release|Any CPU
		{E7BFE625-E35C-46B7-AE77-06FA983CE9F9}.Debug|Any CPU.ActiveCfg = Debug|Any CPU
		{E7BFE625-E35C-46B7-AE77-06FA983CE9F9}.Debug|Any CPU.Build.0 = Debug|Any CPU
		{E7BFE625-E35C-46B7-AE77-06FA983CE9F9}.Debug|Any CPU.Deploy.0 = Debug|Any CPU
		{E7BFE625-E35C-46B7-AE77-06FA983CE9F9}.Release|Any CPU.ActiveCfg = Release|Any CPU
		{E7BFE625-E35C-46B7-AE77-06FA983CE9F9}.Release|Any CPU.Build.0 = Release|Any CPU
		{E7BFE625-E35C-46B7-AE77-06FA983CE9F9}.Release|Any CPU.Deploy.0 = Release|Any CPU
	EndGlobalSection
	GlobalSection(SolutionProperties) = preSolution
		HideSolutionNode = FALSE
	EndGlobalSection
	GlobalSection(ExtensibilityGlobals) = postSolution
		SolutionGuid = {F0E7288C-FEA3-40BD-8728-727C467074F8}
	EndGlobalSection
EndGlobal
